
Microsoft Visual Studio Solution File, Format Version 12.00
# Visual Studio 15
VisualStudioVersion = 15.0.26430.14
MinimumVisualStudioVersion = 10.0.40219.1
Project("{FAE04EC0-301F-11D3-BF4B-00C04F79EFBC}") = "FunnyGames", "FunnyGames\FunnyGames.csproj", "{EDF764FE-8504-4873-9766-095955C5BDD6}"
EndProject
Project("{FAE04EC0-301F-11D3-BF4B-00C04F79EFBC}") = "Dal", "Dal\Dal.csproj", "{19FDD54E-70F7-4674-8DE1-FB7FE3C3B563}"
EndProject
Global
	GlobalSection(SolutionConfigurationPlatforms) = preSolution
		Debug|Any CPU = Debug|Any CPU
		Release|Any CPU = Release|Any CPU
	EndGlobalSection
	GlobalSection(ProjectConfigurationPlatforms) = postSolution
		{EDF764FE-8504-4873-9766-095955C5BDD6}.Debug|Any CPU.ActiveCfg = Debug|Any CPU
		{EDF764FE-8504-4873-9766-095955C5BDD6}.Debug|Any CPU.Build.0 = Debug|Any CPU
		{EDF764FE-8504-4873-9766-095955C5BDD6}.Release|Any CPU.ActiveCfg = Release|Any CPU
		{EDF764FE-8504-4873-9766-095955C5BDD6}.Release|Any CPU.Build.0 = Release|Any CPU
		{19FDD54E-70F7-4674-8DE1-FB7FE3C3B563}.Debug|Any CPU.ActiveCfg = Debug|Any CPU
		{19FDD54E-70F7-4674-8DE1-FB7FE3C3B563}.Debug|Any CPU.Build.0 = Debug|Any CPU
		{19FDD54E-70F7-4674-8DE1-FB7FE3C3B563}.Release|Any CPU.ActiveCfg = Release|Any CPU
		{19FDD54E-70F7-4674-8DE1-FB7FE3C3B563}.Release|Any CPU.Build.0 = Release|Any CPU
	EndGlobalSection
	GlobalSection(SolutionProperties) = preSolution
		HideSolutionNode = FALSE
	EndGlobalSection
	GlobalSection(ExtensibilityGlobals) = postSolution
		SolutionGuid = {9D1185F3-7D43-48E4-A606-F074C7462680}
	EndGlobalSection
EndGlobal
